PODS:
  - Flutter (1.0.0)
  - launch_review (0.0.1):
    - Flutter
  - sqflite (0.0.3):
    - Flutter
    - FlutterMacOS
  - webview_flutter_wkwebview (0.0.1):
    - Flutter

DEPENDENCIES:
  - Flutter (from `Flutter`)
  - launch_review (from `.symlinks/plugins/launch_review/ios`)
  - sqflite (from `.symlinks/plugins/sqflite/darwin`)
  - webview_flutter_wkwebview (from `.symlinks/plugins/webview_flutter_wkwebview/ios`)

EXTERNAL SOURCES:
  Flutter:
    :path: Flutter
  launch_review:
    :path: ".symlinks/plugins/launch_review/ios"
  sqflite:
    :path: ".symlinks/plugins/sqflite/darwin"
  webview_flutter_wkwebview:
    :path: ".symlinks/plugins/webview_flutter_wkwebview/ios"

SPEC CHECKSUMS:
  Flutter: e0871f40cf51350855a761d2e70bf5af5b9b5de7
  launch_review: 75d5a956ba8eaa493e9c9d4bf4c05e505e8d5ed0
  sqflite: 673a0e54cc04b7d6dba8d24fb8095b31c3a99eec
  webview_flutter_wkwebview: be0f0d33777f1bfd0c9fdcb594786704dbf65f36

PODFILE CHECKSUM: 65eb75013d2a7d01aa780a701e8574b9ac0fc641

COCOAPODS: 1.15.2
